<?xml version="1.0" encoding="utf-8"?>
<Project ToolsVersion="4.0" xmlns="http://schemas.microsoft.com/developer/msbuild/2003">
  <ItemGroup>
    <Filter Include="Pressure">
      <UniqueIdentifier>{1EF8AF8B-0AC5-0A97-33DE-F83E1F0A4025}</UniqueIdentifier>
    </Filter>
    <Filter Include="Pressure\Events">
      <UniqueIdentifier>{429635F2-AE21-A3B6-B732-26AB233DFFB6}</UniqueIdentifier>
    </Filter>
  </ItemGroup>
  <ItemGroup>
    <ClInclude Include="src\Pressure.h" />
    <ClInclude Include="src\Pressure\Application.h">
      <Filter>Pressure</Filter>
    </ClInclude>
    <ClInclude Include="src\Pressure\Core.h">
      <Filter>Pressure</Filter>
    </ClInclude>
    <ClInclude Include="src\Pressure\EntryPoint.h">
      <Filter>Pressure</Filter>
    </ClInclude>
    <ClInclude Include="src\Pressure\Events\ApplicationEvent.h">
      <Filter>Pressure\Events</Filter>
    </ClInclude>
    <ClInclude Include="src\Pressure\Events\Event.h">
      <Filter>Pressure\Events</Filter>
    </ClInclude>
    <ClInclude Include="src\Pressure\Events\KeyEvent.h">
      <Filter>Pressure\Events</Filter>
    </ClInclude>
    <ClInclude Include="src\Pressure\Events\MouseEvent.h">
      <Filter>Pressure\Events</Filter>
    </ClInclude>
    <ClInclude Include="src\Pressure\Log.h">
      <Filter>Pressure</Filter>
    </ClInclude>
    <ClInclude Include="src\prspch.h" />
  </ItemGroup>
  <ItemGroup>
    <ClCompile Include="src\Pressure\Application.cpp">
      <Filter>Pressure</Filter>
    </ClCompile>
    <ClCompile Include="src\Pressure\Log.cpp">
      <Filter>Pressure</Filter>
    </ClCompile>
    <ClCompile Include="src\prspch.cpp" />
  </ItemGroup>
</Project>